
Microsoft Visual Studio Solution File, Format Version 12.00
# Visual Studio Version 16
VisualStudioVersion = 16.0.31112.23
MinimumVisualStudioVersion = 10.0.40219.1
Project("{9A19103F-16F7-4668-BE54-9A1E7A4F7556}") = "someTest", "someTest\someTest.csproj", "{9405DF80-1D0C-44FB-9645-F363DE014BC8}"
EndProject
Project("{9A19103F-16F7-4668-BE54-9A1E7A4F7556}") = "stringArrTest", "stringArrTest\stringArrTest.csproj", "{CE3279D1-AE43-4629-8817-4FEA1640F38D}"
EndProject
Project("{FAE04EC0-301F-11D3-BF4B-00C04F79EFBC}") = "AngleProject", "AngleProject\AngleProject.csproj", "{3FCFD44D-89DF-4B91-A5FB-A118009EB796}"
EndProject
Global
	GlobalSection(SolutionConfigurationPlatforms) = preSolution
		Debug|Any CPU = Debug|Any CPU
		Release|Any CPU = Release|Any CPU
	EndGlobalSection
	GlobalSection(ProjectConfigurationPlatforms) = postSolution
		{9405DF80-1D0C-44FB-9645-F363DE014BC8}.Debug|Any CPU.ActiveCfg = Debug|Any CPU
		{9405DF80-1D0C-44FB-9645-F363DE014BC8}.Debug|Any CPU.Build.0 = Debug|Any CPU
		{9405DF80-1D0C-44FB-9645-F363DE014BC8}.Release|Any CPU.ActiveCfg = Release|Any CPU
		{9405DF80-1D0C-44FB-9645-F363DE014BC8}.Release|Any CPU.Build.0 = Release|Any CPU
		{CE3279D1-AE43-4629-8817-4FEA1640F38D}.Debug|Any CPU.ActiveCfg = Debug|Any CPU
		{CE3279D1-AE43-4629-8817-4FEA1640F38D}.Debug|Any CPU.Build.0 = Debug|Any CPU
		{CE3279D1-AE43-4629-8817-4FEA1640F38D}.Release|Any CPU.ActiveCfg = Release|Any CPU
		{CE3279D1-AE43-4629-8817-4FEA1640F38D}.Release|Any CPU.Build.0 = Release|Any CPU
		{3FCFD44D-89DF-4B91-A5FB-A118009EB796}.Debug|Any CPU.ActiveCfg = Debug|Any CPU
		{3FCFD44D-89DF-4B91-A5FB-A118009EB796}.Debug|Any CPU.Build.0 = Debug|Any CPU
		{3FCFD44D-89DF-4B91-A5FB-A118009EB796}.Release|Any CPU.ActiveCfg = Release|Any CPU
		{3FCFD44D-89DF-4B91-A5FB-A118009EB796}.Release|Any CPU.Build.0 = Release|Any CPU
	EndGlobalSection
	GlobalSection(SolutionProperties) = preSolution
		HideSolutionNode = FALSE
	EndGlobalSection
	GlobalSection(ExtensibilityGlobals) = postSolution
		SolutionGuid = {FC69E55E-12DD-4512-987A-D1387D17FBC0}
	EndGlobalSection
EndGlobal
